// !$*UTF8*$!
{
	archiveVersion = 1;
	classes = {
	};
	objectVersion = 46;
	objects = {

/* Begin PBXBuildFile section */
		2B45BACC1DF89561000DCE12 /* ImageHelper.swift in Sources */ = {isa = PBXBuildFile; fileRef = 2B45BACB1DF89561000DCE12 /* ImageHelper.swift */; };
		2B6D51091DF870C200DCDE5A /* Pods_W6D3_QuotePro.framework in Frameworks */ = {isa = PBXBuildFile; fileRef = 2B6D51081DF870C200DCDE5A /* Pods_W6D3_QuotePro.framework */; };
		2BB7C6621DF85C8600579B84 /* AppDelegate.swift in Sources */ = {isa = PBXBuildFile; fileRef = 2BB7C6611DF85C8600579B84 /* AppDelegate.swift */; };
		2BB7C6671DF85C8600579B84 /* Main.storyboard in Resources */ = {isa = PBXBuildFile; fileRef = 2BB7C6651DF85C8600579B84 /* Main.storyboard */; };
		2BB7C66A1DF85C8600579B84 /* W6D3_QuotePro.xcdatamodeld in Sources */ = {isa = PBXBuildFile; fileRef = 2BB7C6681DF85C8600579B84 /* W6D3_QuotePro.xcdatamodeld */; };
		2BB7C66C1DF85C8600579B84 /* Assets.xcassets in Resources */ = {isa = PBXBuildFile; fileRef = 2BB7C66B1DF85C8600579B84 /* Assets.xcassets */; };
		2BB7C66F1DF85C8600579B84 /* LaunchScreen.storyboard in Resources */ = {isa = PBXBuildFile; fileRef = 2BB7C66D1DF85C8600579B84 /* LaunchScreen.storyboard */; };
		2BB7C67A1DF85C8700579B84 /* W6D3_QuoteProTests.swift in Sources */ = {isa = PBXBuildFile; fileRef = 2BB7C6791DF85C8700579B84 /* W6D3_QuoteProTests.swift */; };
		2BB7C6851DF85C8700579B84 /* W6D3_QuoteProUITests.swift in Sources */ = {isa = PBXBuildFile; fileRef = 2BB7C6841DF85C8700579B84 /* W6D3_QuoteProUITests.swift */; };
		2BB7C6931DF85E0D00579B84 /* HomeViewController.swift in Sources */ = {isa = PBXBuildFile; fileRef = 2BB7C6921DF85E0D00579B84 /* HomeViewController.swift */; };
		2BB7C6951DF85E2D00579B84 /* QuoteBuilderViewController.swift in Sources */ = {isa = PBXBuildFile; fileRef = 2BB7C6941DF85E2D00579B84 /* QuoteBuilderViewController.swift */; };
		2BB7C6971DF8602500579B84 /* CustomTableViewCell.swift in Sources */ = {isa = PBXBuildFile; fileRef = 2BB7C6961DF8602500579B84 /* CustomTableViewCell.swift */; };
		2BB830D71DF86C1200593D87 /* DataManager.swift in Sources */ = {isa = PBXBuildFile; fileRef = 2BB830D61DF86C1200593D87 /* DataManager.swift */; };
		485A02E61B60B711866C7A8A /* Pods_W6D3_QuotePro.framework in Frameworks */ = {isa = PBXBuildFile; fileRef = D32ED2589C599DB315124BBE /* Pods_W6D3_QuotePro.framework */; };
/* End PBXBuildFile section */

/* Begin PBXContainerItemProxy section */
		2BB7C6761DF85C8700579B84 /* PBXContainerItemProxy */ = {
			isa = PBXContainerItemProxy;
			containerPortal = 2BB7C6561DF85C8600579B84 /* Project object */;
			proxyType = 1;
			remoteGlobalIDString = 2BB7C65D1DF85C8600579B84;
			remoteInfo = "W6D3-QuotePro";
		};
		2BB7C6811DF85C8700579B84 /* PBXContainerItemProxy */ = {
			isa = PBXContainerItemProxy;
			containerPortal = 2BB7C6561DF85C8600579B84 /* Project object */;
			proxyType = 1;
			remoteGlobalIDString = 2BB7C65D1DF85C8600579B84;
			remoteInfo = "W6D3-QuotePro";
		};
/* End PBXContainerItemProxy section */

/* Begin PBXFileReference section */
		25642A5AEBECC72A5CCB9B46 /* Pods-W6D3-QuotePro.debug.xcconfig */ = {isa = PBXFileReference; includeInIndex = 1; lastKnownFileType = text.xcconfig; name = "Pods-W6D3-QuotePro.debug.xcconfig"; path = "Pods/Target Support Files/Pods-W6D3-QuotePro/Pods-W6D3-QuotePro.debug.xcconfig"; sourceTree = "<group>"; };
		2B45BACB1DF89561000DCE12 /* ImageHelper.swift */ = {isa = PBXFileReference; fileEncoding = 4; lastKnownFileType = sourcecode.swift; path = ImageHelper.swift; sourceTree = "<group>"; };
		2B6D51081DF870C200DCDE5A /* Pods_W6D3_QuotePro.framework */ = {isa = PBXFileReference; lastKnownFileType = wrapper.framework; name = Pods_W6D3_QuotePro.framework; path = "../../../../Library/Developer/Xcode/DerivedData/W6D3-QuotePro-bmsdilwfylfbtadpjqyezhszavmw/Build/Products/Debug-iphonesimulator/Pods_W6D3_QuotePro.framework"; sourceTree = "<group>"; };
		2BB7C65E1DF85C8600579B84 /* W6D3-QuotePro.app */ = {isa = PBXFileReference; explicitFileType = wrapper.application; includeInIndex = 0; path = "W6D3-QuotePro.app"; sourceTree = BUILT_PRODUCTS_DIR; };
		2BB7C6611DF85C8600579B84 /* AppDelegate.swift */ = {isa = PBXFileReference; lastKnownFileType = sourcecode.swift; path = AppDelegate.swift; sourceTree = "<group>"; };
		2BB7C6661DF85C8600579B84 /* Base */ = {isa = PBXFileReference; lastKnownFileType = file.storyboard; name = Base; path = Base.lproj/Main.storyboard; sourceTree = "<group>"; };
		2BB7C6691DF85C8600579B84 /* W6D3_QuotePro.xcdatamodel */ = {isa = PBXFileReference; lastKnownFileType = wrapper.xcdatamodel; path = W6D3_QuotePro.xcdatamodel; sourceTree = "<group>"; };
		2BB7C66B1DF85C8600579B84 /* Assets.xcassets */ = {isa = PBXFileReference; lastKnownFileType = folder.assetcatalog; path = Assets.xcassets; sourceTree = "<group>"; };
		2BB7C66E1DF85C8600579B84 /* Base */ = {isa = PBXFileReference; lastKnownFileType = file.storyboard; name = Base; path = Base.lproj/LaunchScreen.storyboard; sourceTree = "<group>"; };
		2BB7C6701DF85C8600579B84 /* Info.plist */ = {isa = PBXFileReference; lastKnownFileType = text.plist.xml; path = Info.plist; sourceTree = "<group>"; };
		2BB7C6751DF85C8700579B84 /* W6D3-QuoteProTests.xctest */ = {isa = PBXFileReference; explicitFileType = wrapper.cfbundle; includeInIndex = 0; path = "W6D3-QuoteProTests.xctest"; sourceTree = BUILT_PRODUCTS_DIR; };
		2BB7C6791DF85C8700579B84 /* W6D3_QuoteProTests.swift */ = {isa = PBXFileReference; lastKnownFileType = sourcecode.swift; path = W6D3_QuoteProTests.swift; sourceTree = "<group>"; };
		2BB7C67B1DF85C8700579B84 /* Info.plist */ = {isa = PBXFileReference; lastKnownFileType = text.plist.xml; path = Info.plist; sourceTree = "<group>"; };
		2BB7C6801DF85C8700579B84 /* W6D3-QuoteProUITests.xctest */ = {isa = PBXFileReference; explicitFileType = wrapper.cfbundle; includeInIndex = 0; path = "W6D3-QuoteProUITests.xctest"; sourceTree = BUILT_PRODUCTS_DIR; };
		2BB7C6841DF85C8700579B84 /* W6D3_QuoteProUITests.swift */ = {isa = PBXFileReference; lastKnownFileType = sourcecode.swift; path = W6D3_QuoteProUITests.swift; sourceTree = "<group>"; };
		2BB7C6861DF85C8700579B84 /* Info.plist */ = {isa = PBXFileReference; lastKnownFileType = text.plist.xml; path = Info.plist; sourceTree = "<group>"; };
		2BB7C6921DF85E0D00579B84 /* HomeViewController.swift */ = {isa = PBXFileReference; fileEncoding = 4; lastKnownFileType = sourcecode.swift; path = HomeViewController.swift; sourceTree = "<group>"; };
		2BB7C6941DF85E2D00579B84 /* QuoteBuilderViewController.swift */ = {isa = PBXFileReference; fileEncoding = 4; lastKnownFileType = sourcecode.swift; path = QuoteBuilderViewController.swift; sourceTree = "<group>"; };
		2BB7C6961DF8602500579B84 /* CustomTableViewCell.swift */ = {isa = PBXFileReference; fileEncoding = 4; lastKnownFileType = sourcecode.swift; path = CustomTableViewCell.swift; sourceTree = "<group>"; };
		2BB830D61DF86C1200593D87 /* DataManager.swift */ = {isa = PBXFileReference; fileEncoding = 4; lastKnownFileType = sourcecode.swift; path = DataManager.swift; sourceTree = "<group>"; };
		4B8B72870BA8F76869EA9D00 /* Pods-W6D3-QuotePro.release.xcconfig */ = {isa = PBXFileReference; includeInIndex = 1; lastKnownFileType = text.xcconfig; name = "Pods-W6D3-QuotePro.release.xcconfig"; path = "Pods/Target Support Files/Pods-W6D3-QuotePro/Pods-W6D3-QuotePro.release.xcconfig"; sourceTree = "<group>"; };
		D32ED2589C599DB315124BBE /* Pods_W6D3_QuotePro.framework */ = {isa = PBXFileReference; explicitFileType = wrapper.framework; includeInIndex = 0; path = Pods_W6D3_QuotePro.framework; sourceTree = BUILT_PRODUCTS_DIR; };
/* End PBXFileReference section */

/* Begin PBXFrameworksBuildPhase section */
		2BB7C65B1DF85C8600579B84 /* Frameworks */ = {
			isa = PBXFrameworksBuildPhase;
			buildActionMask = 2147483647;
			files = (
				2B6D51091DF870C200DCDE5A /* Pods_W6D3_QuotePro.framework in Frameworks */,
				485A02E61B60B711866C7A8A /* Pods_W6D3_QuotePro.framework in Frameworks */,
			);
			runOnlyForDeploymentPostprocessing = 0;
		};
		2BB7C6721DF85C8700579B84 /* Frameworks */ = {
			isa = PBXFrameworksBuildPhase;
			buildActionMask = 2147483647;
			files = (
			);
			runOnlyForDeploymentPostprocessing = 0;
		};
		2BB7C67D1DF85C8700579B84 /* Frameworks */ = {
			isa = PBXFrameworksBuildPhase;
			buildActionMask = 2147483647;
			files = (
			);
			runOnlyForDeploymentPostprocessing = 0;
		};
/* End PBXFrameworksBuildPhase section */

/* Begin PBXGroup section */
		05A7BCA7EC2CC08F197FCCB0 /* Frameworks */ = {
			isa = PBXGroup;
			children = (
				2B6D51081DF870C200DCDE5A /* Pods_W6D3_QuotePro.framework */,
				D32ED2589C599DB315124BBE /* Pods_W6D3_QuotePro.framework */,
			);
			name = Frameworks;
			sourceTree = "<group>";
		};
		2BB7C6551DF85C8600579B84 = {
			isa = PBXGroup;
			children = (
				2BB7C6601DF85C8600579B84 /* W6D3-QuotePro */,
				2BB7C6781DF85C8700579B84 /* W6D3-QuoteProTests */,
				2BB7C6831DF85C8700579B84 /* W6D3-QuoteProUITests */,
				2BB7C65F1DF85C8600579B84 /* Products */,
				F5A1B599065E042D90F1365B /* Pods */,
				05A7BCA7EC2CC08F197FCCB0 /* Frameworks */,
			);
			sourceTree = "<group>";
		};
		2BB7C65F1DF85C8600579B84 /* Products */ = {
			isa = PBXGroup;
			children = (
				2BB7C65E1DF85C8600579B84 /* W6D3-QuotePro.app */,
				2BB7C6751DF85C8700579B84 /* W6D3-QuoteProTests.xctest */,
				2BB7C6801DF85C8700579B84 /* W6D3-QuoteProUITests.xctest */,
			);
			name = Products;
			sourceTree = "<group>";
		};
		2BB7C6601DF85C8600579B84 /* W6D3-QuotePro */ = {
			isa = PBXGroup;
			children = (
				2BB7C6611DF85C8600579B84 /* AppDelegate.swift */,
				2BB7C6921DF85E0D00579B84 /* HomeViewController.swift */,
				2BB7C6941DF85E2D00579B84 /* QuoteBuilderViewController.swift */,
				2BB7C6961DF8602500579B84 /* CustomTableViewCell.swift */,
				2BB830D61DF86C1200593D87 /* DataManager.swift */,
				2B45BACB1DF89561000DCE12 /* ImageHelper.swift */,
				2BB7C6651DF85C8600579B84 /* Main.storyboard */,
				2BB7C66B1DF85C8600579B84 /* Assets.xcassets */,
				2BB7C66D1DF85C8600579B84 /* LaunchScreen.storyboard */,
				2BB7C6701DF85C8600579B84 /* Info.plist */,
				2BB7C6681DF85C8600579B84 /* W6D3_QuotePro.xcdatamodeld */,
			);
			path = "W6D3-QuotePro";
			sourceTree = "<group>";
		};
		2BB7C6781DF85C8700579B84 /* W6D3-QuoteProTests */ = {
			isa = PBXGroup;
			children = (
				2BB7C6791DF85C8700579B84 /* W6D3_QuoteProTests.swift */,
				2BB7C67B1DF85C8700579B84 /* Info.plist */,
			);
			path = "W6D3-QuoteProTests";
			sourceTree = "<group>";
		};
		2BB7C6831DF85C8700579B84 /* W6D3-QuoteProUITests */ = {
			isa = PBXGroup;
			children = (
				2BB7C6841DF85C8700579B84 /* W6D3_QuoteProUITests.swift */,
				2BB7C6861DF85C8700579B84 /* Info.plist */,
			);
			path = "W6D3-QuoteProUITests";
			sourceTree = "<group>";
		};
		F5A1B599065E042D90F1365B /* Pods */ = {
			isa = PBXGroup;
			children = (
				25642A5AEBECC72A5CCB9B46 /* Pods-W6D3-QuotePro.debug.xcconfig */,
				4B8B72870BA8F76869EA9D00 /* Pods-W6D3-QuotePro.release.xcconfig */,
			);
			name = Pods;
			sourceTree = "<group>";
		};
/* End PBXGroup section */

/* Begin PBXNativeTarget section */
		2BB7C65D1DF85C8600579B84 /* W6D3-QuotePro */ = {
			isa = PBXNativeTarget;
			buildConfigurationList = 2BB7C6891DF85C8700579B84 /* Build configuration list for PBXNativeTarget "W6D3-QuotePro" */;
			buildPhases = (
				5FA8BBCAE5DA51E4C321BCBC /* [CP] Check Pods Manifest.lock */,
				2BB7C65A1DF85C8600579B84 /* Sources */,
				2BB7C65B1DF85C8600579B84 /* Frameworks */,
				2BB7C65C1DF85C8600579B84 /* Resources */,
				AE4BC7EF9227557FDDA0EC8C /* [CP] Embed Pods Frameworks */,
				ADA7404D23D3BDCA645B6756 /* [CP] Copy Pods Resources */,
			);
			buildRules = (
			);
			dependencies = (
			);
			name = "W6D3-QuotePro";
			productName = "W6D3-QuotePro";
			productReference = 2BB7C65E1DF85C8600579B84 /* W6D3-QuotePro.app */;
			productType = "com.apple.product-type.application";
		};
		2BB7C6741DF85C8700579B84 /* W6D3-QuoteProTests */ = {
			isa = PBXNativeTarget;
			buildConfigurationList = 2BB7C68C1DF85C8700579B84 /* Build configuration list for PBXNativeTarget "W6D3-QuoteProTests" */;
			buildPhases = (
				2BB7C6711DF85C8700579B84 /* Sources */,
				2BB7C6721DF85C8700579B84 /* Frameworks */,
				2BB7C6731DF85C8700579B84 /* Resources */,
			);
			buildRules = (
			);
			dependencies = (
				2BB7C6771DF85C8700579B84 /* PBXTargetDependency */,
			);
			name = "W6D3-QuoteProTests";
			productName = "W6D3-QuoteProTests";
			productReference = 2BB7C6751DF85C8700579B84 /* W6D3-QuoteProTests.xctest */;
			productType = "com.apple.product-type.bundle.unit-test";
		};
		2BB7C67F1DF85C8700579B84 /* W6D3-QuoteProUITests */ = {
			isa = PBXNativeTarget;
			buildConfigurationList = 2BB7C68F1DF85C8700579B84 /* Build configuration list for PBXNativeTarget "W6D3-QuoteProUITests" */;
			buildPhases = (
				2BB7C67C1DF85C8700579B84 /* Sources */,
				2BB7C67D1DF85C8700579B84 /* Frameworks */,
				2BB7C67E1DF85C8700579B84 /* Resources */,
			);
			buildRules = (
			);
			dependencies = (
				2BB7C6821DF85C8700579B84 /* PBXTargetDependency */,
			);
			name = "W6D3-QuoteProUITests";
			productName = "W6D3-QuoteProUITests";
			productReference = 2BB7C6801DF85C8700579B84 /* W6D3-QuoteProUITests.xctest */;
			productType = "com.apple.product-type.bundle.ui-testing";
		};
/* End PBXNativeTarget section */

/* Begin PBXProject section */
		2BB7C6561DF85C8600579B84 /* Project object */ = {
			isa = PBXProject;
			attributes = {
				LastSwiftUpdateCheck = 0810;
				LastUpgradeCheck = 0810;
				ORGANIZATIONNAME = "Victor Hong";
				TargetAttributes = {
					2BB7C65D1DF85C8600579B84 = {
						CreatedOnToolsVersion = 8.1;
						ProvisioningStyle = Automatic;
					};
					2BB7C6741DF85C8700579B84 = {
						CreatedOnToolsVersion = 8.1;
						ProvisioningStyle = Automatic;
						TestTargetID = 2BB7C65D1DF85C8600579B84;
					};
					2BB7C67F1DF85C8700579B84 = {
						CreatedOnToolsVersion = 8.1;
						ProvisioningStyle = Automatic;
						TestTargetID = 2BB7C65D1DF85C8600579B84;
					};
				};
			};
			buildConfigurationList = 2BB7C6591DF85C8600579B84 /* Build configuration list for PBXProject "W6D3-QuotePro" */;
			compatibilityVersion = "Xcode 3.2";
			developmentRegion = English;
			hasScannedForEncodings = 0;
			knownRegions = (
				en,
				Base,
			);
			mainGroup = 2BB7C6551DF85C8600579B84;
			productRefGroup = 2BB7C65F1DF85C8600579B84 /* Products */;
			projectDirPath = "";
			projectRoot = "";
			targets = (
				2BB7C65D1DF85C8600579B84 /* W6D3-QuotePro */,
				2BB7C6741DF85C8700579B84 /* W6D3-QuoteProTests */,
				2BB7C67F1DF85C8700579B84 /* W6D3-QuoteProUITests */,
			);
		};
/* End PBXProject section */

/* Begin PBXResourcesBuildPhase section */
		2BB7C65C1DF85C8600579B84 /* Resources */ = {
			isa = PBXResourcesBuildPhase;
			buildActionMask = 2147483647;
			files = (
				2BB7C66F1DF85C8600579B84 /* LaunchScreen.storyboard in Resources */,
				2BB7C66C1DF85C8600579B84 /* Assets.xcassets in Resources */,
				2BB7C6671DF85C8600579B84 /* Main.storyboard in Resources */,
			);
			runOnlyForDeploymentPostprocessing = 0;
		};
		2BB7C6731DF85C8700579B84 /* Resources */ = {
			isa = PBXResourcesBuildPhase;
			buildActionMask = 2147483647;
			files = (
			);
			runOnlyForDeploymentPostprocessing = 0;
		};
		2BB7C67E1DF85C8700579B84 /* Resources */ = {
			isa = PBXResourcesBuildPhase;
			buildActionMask = 2147483647;
			files = (
			);
			runOnlyForDeploymentPostprocessing = 0;
		};
/* End PBXResourcesBuildPhase section */

/* Begin PBXShellScriptBuildPhase section */
		5FA8BBCAE5DA51E4C321BCBC /* [CP] Check Pods Manifest.lock */ = {
			isa = PBXShellScriptBuildPhase;
			buildActionMask = 2147483647;
			files = (
			);
			inputPaths = (
			);
			name = "[CP] Check Pods Manifest.lock";
			outputPaths = (
			);
			runOnlyForDeploymentPostprocessing = 0;
			shellPath = /bin/sh;
			shellScript = "diff \"${PODS_ROOT}/../Podfile.lock\" \"${PODS_ROOT}/Manifest.lock\" > /dev/null\nif [ $? != 0 ] ; then\n    # print error to STDERR\n    echo \"error: The sandbox is not in sync with the Podfile.lock. Run 'pod install' or update your CocoaPods installation.\" >&2\n    exit 1\nfi\n";
			showEnvVarsInLog = 0;
		};
		ADA7404D23D3BDCA645B6756 /* [CP] Copy Pods Resources */ = {
			isa = PBXShellScriptBuildPhase;
			buildActionMask = 2147483647;
			files = (
			);
			inputPaths = (
			);
			name = "[CP] Copy Pods Resources";
			outputPaths = (
			);
			runOnlyForDeploymentPostprocessing = 0;
			shellPath = /bin/sh;
			shellScript = "\"${SRCROOT}/Pods/Target Support Files/Pods-W6D3-QuotePro/Pods-W6D3-QuotePro-resources.sh\"\n";
			showEnvVarsInLog = 0;
		};
		AE4BC7EF9227557FDDA0EC8C /* [CP] Embed Pods Frameworks */ = {
			isa = PBXShellScriptBuildPhase;
			buildActionMask = 2147483647;
			files = (
			);
			inputPaths = (
			);
			name = "[CP] Embed Pods Frameworks";
			outputPaths = (
			);
			runOnlyForDeploymentPostprocessing = 0;
			shellPath = /bin/sh;
			shellScript = "\"${SRCROOT}/Pods/Target Support Files/Pods-W6D3-QuotePro/Pods-W6D3-QuotePro-frameworks.sh\"\n";
			showEnvVarsInLog = 0;
		};
/* End PBXShellScriptBuildPhase section */

/* Begin PBXSourcesBuildPhase section */
		2BB7C65A1DF85C8600579B84 /* Sources */ = {
			isa = PBXSourcesBuildPhase;
			buildActionMask = 2147483647;
			files = (
				2BB7C6621DF85C8600579B84 /* AppDelegate.swift in Sources */,
				2BB830D71DF86C1200593D87 /* DataManager.swift in Sources */,
				2BB7C6971DF8602500579B84 /* CustomTableViewCell.swift in Sources */,
				2BB7C66A1DF85C8600579B84 /* W6D3_QuotePro.xcdatamodeld in Sources */,
				2BB7C6951DF85E2D00579B84 /* QuoteBuilderViewController.swift in Sources */,
				2BB7C6931DF85E0D00579B84 /* HomeViewController.swift in Sources */,
				2B45BACC1DF89561000DCE12 /* ImageHelper.swift in Sources */,
			);
			runOnlyForDeploymentPostprocessing = 0;
		};
		2BB7C6711DF85C8700579B84 /* Sources */ = {
			isa = PBXSourcesBuildPhase;
			buildActionMask = 2147483647;
			files = (
				2BB7C67A1DF85C8700579B84 /* W6D3_QuoteProTests.swift in Sources */,
			);
			runOnlyForDeploymentPostprocessing = 0;
		};
		2BB7C67C1DF85C8700579B84 /* Sources */ = {
			isa = PBXSourcesBuildPhase;
			buildActionMask = 2147483647;
			files = (
				2BB7C6851DF85C8700579B84 /* W6D3_QuoteProUITests.swift in Sources */,
			);
			runOnlyForDeploymentPostprocessing = 0;
		};
/* End PBXSourcesBuildPhase section */

/* Begin PBXTargetDependency section */
		2BB7C6771DF85C8700579B84 /* PBXTargetDependency */ = {
			isa = PBXTargetDependency;
			target = 2BB7C65D1DF85C8600579B84 /* W6D3-QuotePro */;
			targetProxy = 2BB7C6761DF85C8700579B84 /* PBXContainerItemProxy */;
		};
		2BB7C6821DF85C8700579B84 /* PBXTargetDependency */ = {
			isa = PBXTargetDependency;
			target = 2BB7C65D1DF85C8600579B84 /* W6D3-QuotePro */;
			targetProxy = 2BB7C6811DF85C8700579B84 /* PBXContainerItemProxy */;
		};
/* End PBXTargetDependency section */

/* Begin PBXVariantGroup section */
		2BB7C6651DF85C8600579B84 /* Main.storyboard */ = {
			isa = PBXVariantGroup;
			children = (
				2BB7C6661DF85C8600579B84 /* Base */,
			);
			name = Main.storyboard;
			sourceTree = "<group>";
		};
		2BB7C66D1DF85C8600579B84 /* LaunchScreen.storyboard */ = {
			isa = PBXVariantGroup;
			children = (
				2BB7C66E1DF85C8600579B84 /* Base */,
			);
			name = LaunchScreen.storyboard;
			sourceTree = "<group>";
		};
/* End PBXVariantGroup section */

/* Begin XCBuildConfiguration section */
		2BB7C6871DF85C8700579B84 /* Debug */ = {
			isa = XCBuildConfiguration;
			buildSettings = {
				ALWAYS_SEARCH_USER_PATHS = NO;
				CLANG_ANALYZER_NONNULL = YES;
				CLANG_CXX_LANGUAGE_STANDARD = "gnu++0x";
				CLANG_CXX_LIBRARY = "libc++";
				CLANG_ENABLE_MODULES = YES;
				CLANG_ENABLE_OBJC_ARC = YES;
				CLANG_WARN_BOOL_CONVERSION = YES;
				CLANG_WARN_CONSTANT_CONVERSION = YES;
				CLANG_WARN_DIRECT_OBJC_ISA_USAGE = YES_ERROR;
				CLANG_WARN_DOCUMENTATION_COMMENTS = YES;
				CLANG_WARN_EMPTY_BODY = YES;
				CLANG_WARN_ENUM_CONVERSION = YES;
				CLANG_WARN_INFINITE_RECURSION = YES;
				CLANG_WARN_INT_CONVERSION = YES;
				CLANG_WARN_OBJC_ROOT_CLASS = YES_ERROR;
				CLANG_WARN_SUSPICIOUS_MOVES = YES;
				CLANG_WARN_UNREACHABLE_CODE = YES;
				CLANG_WARN__DUPLICATE_METHOD_MATCH = YES;
				"CODE_SIGN_IDENTITY[sdk=iphoneos*]" = "iPhone Developer";
				COPY_PHASE_STRIP = NO;
				DEBUG_INFORMATION_FORMAT = dwarf;
				ENABLE_STRICT_OBJC_MSGSEND = YES;
				ENABLE_TESTABILITY = YES;
				GCC_C_LANGUAGE_STANDARD = gnu99;
				GCC_DYNAMIC_NO_PIC = NO;
				GCC_NO_COMMON_BLOCKS = YES;
				GCC_OPTIMIZATION_LEVEL = 0;
				GCC_PREPROCESSOR_DEFINITIONS = (
					"DEBUG=1",
					"$(inherited)",
				);
				GCC_WARN_64_TO_32_BIT_CONVERSION = YES;
				GCC_WARN_ABOUT_RETURN_TYPE = YES_ERROR;
				GCC_WARN_UNDECLARED_SELECTOR = YES;
				GCC_WARN_UNINITIALIZED_AUTOS = YES_AGGRESSIVE;
				GCC_WARN_UNUSED_FUNCTION = YES;
				GCC_WARN_UNUSED_VARIABLE = YES;
				IPHONEOS_DEPLOYMENT_TARGET = 10.1;
				MTL_ENABLE_DEBUG_INFO = YES;
				ONLY_ACTIVE_ARCH = YES;
				SDKROOT = iphoneos;
				SWIFT_ACTIVE_COMPILATION_CONDITIONS = DEBUG;
				SWIFT_OPTIMIZATION_LEVEL = "-Onone";
				TARGETED_DEVICE_FAMILY = "1,2";
			};
			name = Debug;
		};
		2BB7C6881DF85C8700579B84 /* Release */ = {
			isa = XCBuildConfiguration;
			buildSettings = {
				ALWAYS_SEARCH_USER_PATHS = NO;
				CLANG_ANALYZER_NONNULL = YES;
				CLANG_CXX_LANGUAGE_STANDARD = "gnu++0x";
				CLANG_CXX_LIBRARY = "libc++";
				CLANG_ENABLE_MODULES = YES;
				CLANG_ENABLE_OBJC_ARC = YES;
				CLANG_WARN_BOOL_CONVERSION = YES;
				CLANG_WARN_CONSTANT_CONVERSION = YES;
				CLANG_WARN_DIRECT_OBJC_ISA_USAGE = YES_ERROR;
				CLANG_WARN_DOCUMENTATION_COMMENTS = YES;
				CLANG_WARN_EMPTY_BODY = YES;
				CLANG_WARN_ENUM_CONVERSION = YES;
				CLANG_WARN_INFINITE_RECURSION = YES;
				CLANG_WARN_INT_CONVERSION = YES;
				CLANG_WARN_OBJC_ROOT_CLASS = YES_ERROR;
				CLANG_WARN_SUSPICIOUS_MOVES = YES;
				CLANG_WARN_UNREACHABLE_CODE = YES;
				CLANG_WARN__DUPLICATE_METHOD_MATCH = YES;
				"CODE_SIGN_IDENTITY[sdk=iphoneos*]" = "iPhone Developer";
				COPY_PHASE_STRIP = NO;
				DEBUG_INFORMATION_FORMAT = "dwarf-with-dsym";
				ENABLE_NS_ASSERTIONS = NO;
				ENABLE_STRICT_OBJC_MSGSEND = YES;
				GCC_C_LANGUAGE_STANDARD = gnu99;
				GCC_NO_COMMON_BLOCKS = YES;
				GCC_WARN_64_TO_32_BIT_CONVERSION = YES;
				GCC_WARN_ABOUT_RETURN_TYPE = YES_ERROR;
				GCC_WARN_UNDECLARED_SELECTOR = YES;
				GCC_WARN_UNINITIALIZED_AUTOS = YES_AGGRESSIVE;
				GCC_WARN_UNUSED_FUNCTION = YES;
				GCC_WARN_UNUSED_VARIABLE = YES;
				IPHONEOS_DEPLOYMENT_TARGET = 10.1;
				MTL_ENABLE_DEBUG_INFO = NO;
				SDKROOT = iphoneos;
				SWIFT_OPTIMIZATION_LEVEL = "-Owholemodule";
				TARGETED_DEVICE_FAMILY = "1,2";
				VALIDATE_PRODUCT = YES;
			};
			name = Release;
		};
		2BB7C68A1DF85C8700579B84 /* Debug */ = {
			isa = XCBuildConfiguration;
			baseConfigurationReference = 25642A5AEBECC72A5CCB9B46 /* Pods-W6D3-QuotePro.debug.xcconfig */;
			buildSettings = {
				ASSETCATALOG_COMPILER_APPICON_NAME = AppIcon;
				INFOPLIST_FILE = "W6D3-QuotePro/Info.plist";
				LD_RUNPATH_SEARCH_PATHS = "$(inherited) @executable_path/Frameworks";
				PRODUCT_BUNDLE_IDENTIFIER = "com.victorhong.W6D3-QuotePro";
				PRODUCT_NAME = "$(TARGET_NAME)";
				SWIFT_VERSION = 3.0;
			};
			name = Debug;
		};
		2BB7C68B1DF85C8700579B84 /* Release */ = {
			isa = XCBuildConfiguration;
			baseConfigurationReference = 4B8B72870BA8F76869EA9D00 /* Pods-W6D3-QuotePro.release.xcconfig */;
			buildSettings = {
				ASSETCATALOG_COMPILER_APPICON_NAME = AppIcon;
				INFOPLIST_FILE = "W6D3-QuotePro/Info.plist";
				LD_RUNPATH_SEARCH_PATHS = "$(inherited) @executable_path/Frameworks";
				PRODUCT_BUNDLE_IDENTIFIER = "com.victorhong.W6D3-QuotePro";
				PRODUCT_NAME = "$(TARGET_NAME)";
				SWIFT_VERSION = 3.0;
			};
			name = Release;
		};
		2BB7C68D1DF85C8700579B84 /* Debug */ = {
			isa = XCBuildConfiguration;
			buildSettings = {
				ALWAYS_EMBED_SWIFT_STANDARD_LIBRARIES = YES;
				BUNDLE_LOADER = "$(TEST_HOST)";
				INFOPLIST_FILE = "W6D3-QuoteProTests/Info.plist";
				LD_RUNPATH_SEARCH_PATHS = "$(inherited) @executable_path/Frameworks @loader_path/Frameworks";
				PRODUCT_BUNDLE_IDENTIFIER = "com.victorhong.W6D3-QuoteProTests";
				PRODUCT_NAME = "$(TARGET_NAME)";
				SWIFT_VERSION = 3.0;
				TEST_HOST = "$(BUILT_PRODUCTS_DIR)/W6D3-QuotePro.app/W6D3-QuotePro";
			};
			name = Debug;
		};
		2BB7C68E1DF85C8700579B84 /* Release */ = {
			isa = XCBuildConfiguration;
			buildSettings = {
				ALWAYS_EMBED_SWIFT_STANDARD_LIBRARIES = YES;
				BUNDLE_LOADER = "$(TEST_HOST)";
				INFOPLIST_FILE = "W6D3-QuoteProTests/Info.plist";
				LD_RUNPATH_SEARCH_PATHS = "$(inherited) @executable_path/Frameworks @loader_path/Frameworks";
				PRODUCT_BUNDLE_IDENTIFIER = "com.victorhong.W6D3-QuoteProTests";
				PRODUCT_NAME = "$(TARGET_NAME)";
				SWIFT_VERSION = 3.0;
				TEST_HOST = "$(BUILT_PRODUCTS_DIR)/W6D3-QuotePro.app/W6D3-QuotePro";
			};
			name = Release;
		};
		2BB7C6901DF85C8700579B84 /* Debug */ = {
			isa = XCBuildConfiguration;
			buildSettings = {
				ALWAYS_EMBED_SWIFT_STANDARD_LIBRARIES = YES;
				INFOPLIST_FILE = "W6D3-QuoteProUITests/Info.plist";
				LD_RUNPATH_SEARCH_PATHS = "$(inherited) @executable_path/Frameworks @loader_path/Frameworks";
				PRODUCT_BUNDLE_IDENTIFIER = "com.victorhong.W6D3-QuoteProUITests";
				PRODUCT_NAME = "$(TARGET_NAME)";
				SWIFT_VERSION = 3.0;
				TEST_TARGET_NAME = "W6D3-QuotePro";
			};
			name = Debug;
		};
		2BB7C6911DF85C8700579B84 /* Release */ = {
			isa = XCBuildConfiguration;
			buildSettings = {
				ALWAYS_EMBED_SWIFT_STANDARD_LIBRARIES = YES;
				INFOPLIST_FILE = "W6D3-QuoteProUITests/Info.plist";
				LD_RUNPATH_SEARCH_PATHS = "$(inherited) @executable_path/Frameworks @loader_path/Frameworks";
				PRODUCT_BUNDLE_IDENTIFIER = "com.victorhong.W6D3-QuoteProUITests";
				PRODUCT_NAME = "$(TARGET_NAME)";
				SWIFT_VERSION = 3.0;
				TEST_TARGET_NAME = "W6D3-QuotePro";
			};
			name = Release;
		};
/* End XCBuildConfiguration section */

/* Begin XCConfigurationList section */
		2BB7C6591DF85C8600579B84 /* Build configuration list for PBXProject "W6D3-QuotePro" */ = {
			isa = XCConfigurationList;
			buildConfigurations = (
				2BB7C6871DF85C8700579B84 /* Debug */,
				2BB7C6881DF85C8700579B84 /* Release */,
			);
			defaultConfigurationIsVisible = 0;
			defaultConfigurationName = Release;
		};
		2BB7C6891DF85C8700579B84 /* Build configuration list for PBXNativeTarget "W6D3-QuotePro" */ = {
			isa = XCConfigurationList;
			buildConfigurations = (
				2BB7C68A1DF85C8700579B84 /* Debug */,
				2BB7C68B1DF85C8700579B84 /* Release */,
			);
			defaultConfigurationIsVisible = 0;
			defaultConfigurationName = Release;
		};
		2BB7C68C1DF85C8700579B84 /* Build configuration list for PBXNativeTarget "W6D3-QuoteProTests" */ = {
			isa = XCConfigurationList;
			buildConfigurations = (
				2BB7C68D1DF85C8700579B84 /* Debug */,
				2BB7C68E1DF85C8700579B84 /* Release */,
			);
			defaultConfigurationIsVisible = 0;
			defaultConfigurationName = Release;
		};
		2BB7C68F1DF85C8700579B84 /* Build configuration list for PBXNativeTarget "W6D3-QuoteProUITests" */ = {
			isa = XCConfigurationList;
			buildConfigurations = (
				2BB7C6901DF85C8700579B84 /* Debug */,
				2BB7C6911DF85C8700579B84 /* Release */,
			);
			defaultConfigurationIsVisible = 0;
			defaultConfigurationName = Release;
		};
/* End XCConfigurationList section */

/* Begin XCVersionGroup section */
		2BB7C6681DF85C8600579B84 /* W6D3_QuotePro.xcdatamodeld */ = {
			isa = XCVersionGroup;
			children = (
				2BB7C6691DF85C8600579B84 /* W6D3_QuotePro.xcdatamodel */,
			);
			currentVersion = 2BB7C6691DF85C8600579B84 /* W6D3_QuotePro.xcdatamodel */;
			path = W6D3_QuotePro.xcdatamodeld;
			sourceTree = "<group>";
			versionGroupType = wrapper.xcdatamodel;
		};
/* End XCVersionGroup section */
	};
	rootObject = 2BB7C6561DF85C8600579B84 /* Project object */;
}
